{
  "nodes": {
    "nixpkgs": {
      "locked": {
        "lastModified": 1616396939,
        "narHash": "sha256-equJ4b8vLMvV1eDX82SzUur5CKclQtL9nBsNUFbDMxo=",
        "owner": "NixOS",
        "repo": "nixpkgs",
        "rev": "f8929dce13e729357f31d5b2950cbb097744bed7",
        "type": "github"
      },
      "original": {
        "owner": "NixOS",
        "ref": "nixos-20.09",
        "repo": "nixpkgs",
        "type": "github"
      }
    },
    "root": {
      "inputs": {
        "nixpkgs": "nixpkgs"
      }
    }
  },
  "root": "root",
  "version": 7
}
